
Microsoft Visual Studio Solution File, Format Version 12.00
# Visual Studio Version 17
VisualStudioVersion = 17.9.34723.18
MinimumVisualStudioVersion = 10.0.40219.1
Project("{FAE04EC0-301F-11D3-BF4B-00C04F79EFBC}") = "WebApplicationEx", "WebApplicationEx\WebApplicationEx.csproj", "{5D743356-B0CA-4CBF-AC54-EA66A07CDE25}"
EndProject
Global
	GlobalSection(SolutionConfigurationPlatforms) = preSolution
		Debug|Any CPU = Debug|Any CPU
		Release|Any CPU = Release|Any CPU
	EndGlobalSection
	GlobalSection(ProjectConfigurationPlatforms) = postSolution
		{5D743356-B0CA-4CBF-AC54-EA66A07CDE25}.Debug|Any CPU.ActiveCfg = Debug|Any CPU
		{5D743356-B0CA-4CBF-AC54-EA66A07CDE25}.Debug|Any CPU.Build.0 = Debug|Any CPU
		{5D743356-B0CA-4CBF-AC54-EA66A07CDE25}.Release|Any CPU.ActiveCfg = Release|Any CPU
		{5D743356-B0CA-4CBF-AC54-EA66A07CDE25}.Release|Any CPU.Build.0 = Release|Any CPU
	EndGlobalSection
	GlobalSection(SolutionProperties) = preSolution
		HideSolutionNode = FALSE
	EndGlobalSection
	GlobalSection(ExtensibilityGlobals) = postSolution
		SolutionGuid = {D80285A5-27FA-471E-B1D9-04A2AA04DE8F}
	EndGlobalSection
EndGlobal
